
Microsoft Visual Studio Solution File, Format Version 12.00
# Visual Studio Version 16
VisualStudioVersion = 16.0.29920.165
MinimumVisualStudioVersion = 10.0.40219.1
Project("{FAE04EC0-301F-11D3-BF4B-00C04F79EFBC}") = "reporteCuits", "reporteCuits\reporteCuits.csproj", "{CE8325BD-9EEB-4DD3-BE5C-8F5379EADFF1}"
EndProject
Global
	GlobalSection(SolutionConfigurationPlatforms) = preSolution
		Debug|Any CPU = Debug|Any CPU
		Release|Any CPU = Release|Any CPU
	EndGlobalSection
	GlobalSection(ProjectConfigurationPlatforms) = postSolution
		{CE8325BD-9EEB-4DD3-BE5C-8F5379EADFF1}.Debug|Any CPU.ActiveCfg = Debug|Any CPU
		{CE8325BD-9EEB-4DD3-BE5C-8F5379EADFF1}.Debug|Any CPU.Build.0 = Debug|Any CPU
		{CE8325BD-9EEB-4DD3-BE5C-8F5379EADFF1}.Release|Any CPU.ActiveCfg = Release|Any CPU
		{CE8325BD-9EEB-4DD3-BE5C-8F5379EADFF1}.Release|Any CPU.Build.0 = Release|Any CPU
	EndGlobalSection
	GlobalSection(SolutionProperties) = preSolution
		HideSolutionNode = FALSE
	EndGlobalSection
	GlobalSection(ExtensibilityGlobals) = postSolution
		SolutionGuid = {C781D3C1-0E75-4EF2-AC2E-484C349EF205}
	EndGlobalSection
EndGlobal
